// !$*UTF8*$!
{
	archiveVersion = 1;
	classes = {
	};
	objectVersion = 55;
	objects = {

/* Begin PBXBuildFile section */
		20D283B27DD2C1DAE49A0C8D /* Pods_Instagram.framework in Frameworks */ = {isa = PBXBuildFile; fileRef = 5C7C9C9B3B52E7389961EE76 /* Pods_Instagram.framework */; };
		B25961CA8ED73A9610547CF8 /* Pods_InstagramTests.framework in Frameworks */ = {isa = PBXBuildFile; fileRef = 8B5A9EC251F731AF679FB030 /* Pods_InstagramTests.framework */; };
		C8B2A95828FA477600DFAD01 /* LoginViewController.swift in Sources */ = {isa = PBXBuildFile; fileRef = C8B2A95728FA477600DFAD01 /* LoginViewController.swift */; };
		C8B2A95A28FA478700DFAD01 /* FeedViewController.swift in Sources */ = {isa = PBXBuildFile; fileRef = C8B2A95928FA478700DFAD01 /* FeedViewController.swift */; };
		C8B2A95E28FA590B00DFAD01 /* CameraViewController.swift in Sources */ = {isa = PBXBuildFile; fileRef = C8B2A95D28FA590B00DFAD01 /* CameraViewController.swift */; };
		C8BCC2D228FA3E81002B0807 /* AppDelegate.swift in Sources */ = {isa = PBXBuildFile; fileRef = C8BCC2D128FA3E81002B0807 /* AppDelegate.swift */; };
		C8BCC2D428FA3E81002B0807 /* SceneDelegate.swift in Sources */ = {isa = PBXBuildFile; fileRef = C8BCC2D328FA3E81002B0807 /* SceneDelegate.swift */; };
		C8BCC2D928FA3E81002B0807 /* Main.storyboard in Resources */ = {isa = PBXBuildFile; fileRef = C8BCC2D728FA3E81002B0807 /* Main.storyboard */; };
		C8BCC2DB28FA3E83002B0807 /* Assets.xcassets in Resources */ = {isa = PBXBuildFile; fileRef = C8BCC2DA28FA3E83002B0807 /* Assets.xcassets */; };
		C8BCC2DE28FA3E83002B0807 /* LaunchScreen.storyboard in Resources */ = {isa = PBXBuildFile; fileRef = C8BCC2DC28FA3E83002B0807 /* LaunchScreen.storyboard */; };
		C8BCC2E928FA3E83002B0807 /* InstagramTests.swift in Sources */ = {isa = PBXBuildFile; fileRef = C8BCC2E828FA3E83002B0807 /* InstagramTests.swift */; };
		C8BCC2F328FA3E83002B0807 /* InstagramUITests.swift in Sources */ = {isa = PBXBuildFile; fileRef = C8BCC2F228FA3E83002B0807 /* InstagramUITests.swift */; };
		C8BCC2F528FA3E83002B0807 /* InstagramUITestsLaunchTests.swift in Sources */ = {isa = PBXBuildFile; fileRef = C8BCC2F428FA3E83002B0807 /* InstagramUITestsLaunchTests.swift */; };
		C8E37D1928FA732F00D9E444 /* PostCell.swift in Sources */ = {isa = PBXBuildFile; fileRef = C8E37D1828FA732F00D9E444 /* PostCell.swift */; };
		CFE79C016790C1CCC4131220 /* Pods_Instagram_InstagramUITests.framework in Frameworks */ = {isa = PBXBuildFile; fileRef = 69410531DC5D9A8331259D94 /* Pods_Instagram_InstagramUITests.framework */; };
/* End PBXBuildFile section */

/* Begin PBXContainerItemProxy section */
		C8BCC2E528FA3E83002B0807 /* PBXContainerItemProxy */ = {
			isa = PBXContainerItemProxy;
			containerPortal = C8BCC2C628FA3E81002B0807 /* Project object */;
			proxyType = 1;
			remoteGlobalIDString = C8BCC2CD28FA3E81002B0807;
			remoteInfo = Instagram;
		};
		C8BCC2EF28FA3E83002B0807 /* PBXContainerItemProxy */ = {
			isa = PBXContainerItemProxy;
			containerPortal = C8BCC2C628FA3E81002B0807 /* Project object */;
			proxyType = 1;
			remoteGlobalIDString = C8BCC2CD28FA3E81002B0807;
			remoteInfo = Instagram;
		};
/* End PBXContainerItemProxy section */

/* Begin PBXFileReference section */
		5C7C9C9B3B52E7389961EE76 /* Pods_Instagram.framework */ = {isa = PBXFileReference; explicitFileType = wrapper.framework; includeInIndex = 0; path = Pods_Instagram.framework; sourceTree = BUILT_PRODUCTS_DIR; };
		69410531DC5D9A8331259D94 /* Pods_Instagram_InstagramUITests.framework */ = {isa = PBXFileReference; explicitFileType = wrapper.framework; includeInIndex = 0; path = Pods_Instagram_InstagramUITests.framework; sourceTree = BUILT_PRODUCTS_DIR; };
		70078A54A66257688EE8D9F9 /* Pods-InstagramTests.release.xcconfig */ = {isa = PBXFileReference; includeInIndex = 1; lastKnownFileType = text.xcconfig; name = "Pods-InstagramTests.release.xcconfig"; path = "Target Support Files/Pods-InstagramTests/Pods-InstagramTests.release.xcconfig"; sourceTree = "<group>"; };
		81596B89EFF79369B823FC08 /* Pods-Instagram-InstagramUITests.debug.xcconfig */ = {isa = PBXFileReference; includeInIndex = 1; lastKnownFileType = text.xcconfig; name = "Pods-Instagram-InstagramUITests.debug.xcconfig"; path = "Target Support Files/Pods-Instagram-InstagramUITests/Pods-Instagram-InstagramUITests.debug.xcconfig"; sourceTree = "<group>"; };
		8B5A9EC251F731AF679FB030 /* Pods_InstagramTests.framework */ = {isa = PBXFileReference; explicitFileType = wrapper.framework; includeInIndex = 0; path = Pods_InstagramTests.framework; sourceTree = BUILT_PRODUCTS_DIR; };
		A3423898B997E5B12D33325F /* Pods-Instagram.debug.xcconfig */ = {isa = PBXFileReference; includeInIndex = 1; lastKnownFileType = text.xcconfig; name = "Pods-Instagram.debug.xcconfig"; path = "Target Support Files/Pods-Instagram/Pods-Instagram.debug.xcconfig"; sourceTree = "<group>"; };
		ADAD7280A0F7F776E0E7222A /* Pods-Instagram-InstagramUITests.release.xcconfig */ = {isa = PBXFileReference; includeInIndex = 1; lastKnownFileType = text.xcconfig; name = "Pods-Instagram-InstagramUITests.release.xcconfig"; path = "Target Support Files/Pods-Instagram-InstagramUITests/Pods-Instagram-InstagramUITests.release.xcconfig"; sourceTree = "<group>"; };
		C8B2A95728FA477600DFAD01 /* LoginViewController.swift */ = {isa = PBXFileReference; lastKnownFileType = sourcecode.swift; path = LoginViewController.swift; sourceTree = "<group>"; };
		C8B2A95928FA478700DFAD01 /* FeedViewController.swift */ = {isa = PBXFileReference; lastKnownFileType = sourcecode.swift; path = FeedViewController.swift; sourceTree = "<group>"; };
		C8B2A95D28FA590B00DFAD01 /* CameraViewController.swift */ = {isa = PBXFileReference; lastKnownFileType = sourcecode.swift; path = CameraViewController.swift; sourceTree = "<group>"; };
		C8BCC2CE28FA3E81002B0807 /* Instagram.app */ = {isa = PBXFileReference; explicitFileType = wrapper.application; includeInIndex = 0; path = Instagram.app; sourceTree = BUILT_PRODUCTS_DIR; };
		C8BCC2D128FA3E81002B0807 /* AppDelegate.swift */ = {isa = PBXFileReference; lastKnownFileType = sourcecode.swift; path = AppDelegate.swift; sourceTree = "<group>"; };
		C8BCC2D328FA3E81002B0807 /* SceneDelegate.swift */ = {isa = PBXFileReference; lastKnownFileType = sourcecode.swift; path = SceneDelegate.swift; sourceTree = "<group>"; };
		C8BCC2D828FA3E81002B0807 /* Base */ = {isa = PBXFileReference; lastKnownFileType = file.storyboard; name = Base; path = Base.lproj/Main.storyboard; sourceTree = "<group>"; };
		C8BCC2DA28FA3E83002B0807 /* Assets.xcassets */ = {isa = PBXFileReference; lastKnownFileType = folder.assetcatalog; path = Assets.xcassets; sourceTree = "<group>"; };
		C8BCC2DD28FA3E83002B0807 /* Base */ = {isa = PBXFileReference; lastKnownFileType = file.storyboard; name = Base; path = Base.lproj/LaunchScreen.storyboard; sourceTree = "<group>"; };
		C8BCC2DF28FA3E83002B0807 /* Info.plist */ = {isa = PBXFileReference; lastKnownFileType = text.plist.xml; path = Info.plist; sourceTree = "<group>"; };
		C8BCC2E428FA3E83002B0807 /* InstagramTests.xctest */ = {isa = PBXFileReference; explicitFileType = wrapper.cfbundle; includeInIndex = 0; path = InstagramTests.xctest; sourceTree = BUILT_PRODUCTS_DIR; };
		C8BCC2E828FA3E83002B0807 /* InstagramTests.swift */ = {isa = PBXFileReference; lastKnownFileType = sourcecode.swift; path = InstagramTests.swift; sourceTree = "<group>"; };
		C8BCC2EE28FA3E83002B0807 /* InstagramUITests.xctest */ = {isa = PBXFileReference; explicitFileType = wrapper.cfbundle; includeInIndex = 0; path = InstagramUITests.xctest; sourceTree = BUILT_PRODUCTS_DIR; };
		C8BCC2F228FA3E83002B0807 /* InstagramUITests.swift */ = {isa = PBXFileReference; lastKnownFileType = sourcecode.swift; path = InstagramUITests.swift; sourceTree = "<group>"; };
		C8BCC2F428FA3E83002B0807 /* InstagramUITestsLaunchTests.swift */ = {isa = PBXFileReference; lastKnownFileType = sourcecode.swift; path = InstagramUITestsLaunchTests.swift; sourceTree = "<group>"; };
		C8E37D1828FA732F00D9E444 /* PostCell.swift */ = {isa = PBXFileReference; lastKnownFileType = sourcecode.swift; path = PostCell.swift; sourceTree = "<group>"; };
		D6C65F8179E6BFE3FB5274B7 /* Pods-Instagram.release.xcconfig */ = {isa = PBXFileReference; includeInIndex = 1; lastKnownFileType = text.xcconfig; name = "Pods-Instagram.release.xcconfig"; path = "Target Support Files/Pods-Instagram/Pods-Instagram.release.xcconfig"; sourceTree = "<group>"; };
		F8712BBF208C4FCADFD804E0 /* Pods-InstagramTests.debug.xcconfig */ = {isa = PBXFileReference; includeInIndex = 1; lastKnownFileType = text.xcconfig; name = "Pods-InstagramTests.debug.xcconfig"; path = "Target Support Files/Pods-InstagramTests/Pods-InstagramTests.debug.xcconfig"; sourceTree = "<group>"; };
/* End PBXFileReference section */

/* Begin PBXFrameworksBuildPhase section */
		C8BCC2CB28FA3E81002B0807 /* Frameworks */ = {
			isa = PBXFrameworksBuildPhase;
			buildActionMask = 2147483647;
			files = (
				20D283B27DD2C1DAE49A0C8D /* Pods_Instagram.framework in Frameworks */,
			);
			runOnlyForDeploymentPostprocessing = 0;
		};
		C8BCC2E128FA3E83002B0807 /* Frameworks */ = {
			isa = PBXFrameworksBuildPhase;
			buildActionMask = 2147483647;
			files = (
				B25961CA8ED73A9610547CF8 /* Pods_InstagramTests.framework in Frameworks */,
			);
			runOnlyForDeploymentPostprocessing = 0;
		};
		C8BCC2EB28FA3E83002B0807 /* Frameworks */ = {
			isa = PBXFrameworksBuildPhase;
			buildActionMask = 2147483647;
			files = (
				CFE79C016790C1CCC4131220 /* Pods_Instagram_InstagramUITests.framework in Frameworks */,
			);
			runOnlyForDeploymentPostprocessing = 0;
		};
/* End PBXFrameworksBuildPhase section */

/* Begin PBXGroup section */
		4A70C25D775076D834087A9E /* Frameworks */ = {
			isa = PBXGroup;
			children = (
				5C7C9C9B3B52E7389961EE76 /* Pods_Instagram.framework */,
				69410531DC5D9A8331259D94 /* Pods_Instagram_InstagramUITests.framework */,
				8B5A9EC251F731AF679FB030 /* Pods_InstagramTests.framework */,
			);
			name = Frameworks;
			sourceTree = "<group>";
		};
		C8BCC2C528FA3E81002B0807 = {
			isa = PBXGroup;
			children = (
				C8BCC2D028FA3E81002B0807 /* Instagram */,
				C8BCC2E728FA3E83002B0807 /* InstagramTests */,
				C8BCC2F128FA3E83002B0807 /* InstagramUITests */,
				C8BCC2CF28FA3E81002B0807 /* Products */,
				CC9E9850965653E800E347B8 /* Pods */,
				4A70C25D775076D834087A9E /* Frameworks */,
			);
			sourceTree = "<group>";
		};
		C8BCC2CF28FA3E81002B0807 /* Products */ = {
			isa = PBXGroup;
			children = (
				C8BCC2CE28FA3E81002B0807 /* Instagram.app */,
				C8BCC2E428FA3E83002B0807 /* InstagramTests.xctest */,
				C8BCC2EE28FA3E83002B0807 /* InstagramUITests.xctest */,
			);
			name = Products;
			sourceTree = "<group>";
		};
		C8BCC2D028FA3E81002B0807 /* Instagram */ = {
			isa = PBXGroup;
			children = (
				C8BCC2D128FA3E81002B0807 /* AppDelegate.swift */,
				C8BCC2D328FA3E81002B0807 /* SceneDelegate.swift */,
				C8BCC2D728FA3E81002B0807 /* Main.storyboard */,
				C8BCC2DA28FA3E83002B0807 /* Assets.xcassets */,
				C8BCC2DC28FA3E83002B0807 /* LaunchScreen.storyboard */,
				C8BCC2DF28FA3E83002B0807 /* Info.plist */,
				C8B2A95728FA477600DFAD01 /* LoginViewController.swift */,
				C8B2A95928FA478700DFAD01 /* FeedViewController.swift */,
				C8B2A95D28FA590B00DFAD01 /* CameraViewController.swift */,
				C8E37D1828FA732F00D9E444 /* PostCell.swift */,
			);
			path = Instagram;
			sourceTree = "<group>";
		};
		C8BCC2E728FA3E83002B0807 /* InstagramTests */ = {
			isa = PBXGroup;
			children = (
				C8BCC2E828FA3E83002B0807 /* InstagramTests.swift */,
			);
			path = InstagramTests;
			sourceTree = "<group>";
		};
		C8BCC2F128FA3E83002B0807 /* InstagramUITests */ = {
			isa = PBXGroup;
			children = (
				C8BCC2F228FA3E83002B0807 /* InstagramUITests.swift */,
				C8BCC2F428FA3E83002B0807 /* InstagramUITestsLaunchTests.swift */,
			);
			path = InstagramUITests;
			sourceTree = "<group>";
		};
		CC9E9850965653E800E347B8 /* Pods */ = {
			isa = PBXGroup;
			children = (
				A3423898B997E5B12D33325F /* Pods-Instagram.debug.xcconfig */,
				D6C65F8179E6BFE3FB5274B7 /* Pods-Instagram.release.xcconfig */,
				81596B89EFF79369B823FC08 /* Pods-Instagram-InstagramUITests.debug.xcconfig */,
				ADAD7280A0F7F776E0E7222A /* Pods-Instagram-InstagramUITests.release.xcconfig */,
				F8712BBF208C4FCADFD804E0 /* Pods-InstagramTests.debug.xcconfig */,
				70078A54A66257688EE8D9F9 /* Pods-InstagramTests.release.xcconfig */,
			);
			path = Pods;
			sourceTree = "<group>";
		};
/* End PBXGroup section */

/* Begin PBXNativeTarget section */
		C8BCC2CD28FA3E81002B0807 /* Instagram */ = {
			isa = PBXNativeTarget;
			buildConfigurationList = C8BCC2F828FA3E83002B0807 /* Build configuration list for PBXNativeTarget "Instagram" */;
			buildPhases = (
				3E7508BD723A8A0FD1092FE2 /* [CP] Check Pods Manifest.lock */,
				C8BCC2CA28FA3E81002B0807 /* Sources */,
				C8BCC2CB28FA3E81002B0807 /* Frameworks */,
				C8BCC2CC28FA3E81002B0807 /* Resources */,
				D52AE7AD3D837CF8EF17ADD9 /* [CP] Embed Pods Frameworks */,
			);
			buildRules = (
			);
			dependencies = (
			);
			name = Instagram;
			productName = Instagram;
			productReference = C8BCC2CE28FA3E81002B0807 /* Instagram.app */;
			productType = "com.apple.product-type.application";
		};
		C8BCC2E328FA3E83002B0807 /* InstagramTests */ = {
			isa = PBXNativeTarget;
			buildConfigurationList = C8BCC2FB28FA3E83002B0807 /* Build configuration list for PBXNativeTarget "InstagramTests" */;
			buildPhases = (
				0F9C702560B13B32E21C3CD6 /* [CP] Check Pods Manifest.lock */,
				C8BCC2E028FA3E83002B0807 /* Sources */,
				C8BCC2E128FA3E83002B0807 /* Frameworks */,
				C8BCC2E228FA3E83002B0807 /* Resources */,
			);
			buildRules = (
			);
			dependencies = (
				C8BCC2E628FA3E83002B0807 /* PBXTargetDependency */,
			);
			name = InstagramTests;
			productName = InstagramTests;
			productReference = C8BCC2E428FA3E83002B0807 /* InstagramTests.xctest */;
			productType = "com.apple.product-type.bundle.unit-test";
		};
		C8BCC2ED28FA3E83002B0807 /* InstagramUITests */ = {
			isa = PBXNativeTarget;
			buildConfigurationList = C8BCC2FE28FA3E83002B0807 /* Build configuration list for PBXNativeTarget "InstagramUITests" */;
			buildPhases = (
				E167D23F1640801D4029A353 /* [CP] Check Pods Manifest.lock */,
				C8BCC2EA28FA3E83002B0807 /* Sources */,
				C8BCC2EB28FA3E83002B0807 /* Frameworks */,
				C8BCC2EC28FA3E83002B0807 /* Resources */,
				FBD35A00D0A4E40328D1B976 /* [CP] Embed Pods Frameworks */,
			);
			buildRules = (
			);
			dependencies = (
				C8BCC2F028FA3E83002B0807 /* PBXTargetDependency */,
			);
			name = InstagramUITests;
			productName = InstagramUITests;
			productReference = C8BCC2EE28FA3E83002B0807 /* InstagramUITests.xctest */;
			productType = "com.apple.product-type.bundle.ui-testing";
		};
/* End PBXNativeTarget section */

/* Begin PBXProject section */
		C8BCC2C628FA3E81002B0807 /* Project object */ = {
			isa = PBXProject;
			attributes = {
				BuildIndependentTargetsInParallel = 1;
				LastSwiftUpdateCheck = 1340;
				LastUpgradeCheck = 1340;
				TargetAttributes = {
					C8BCC2CD28FA3E81002B0807 = {
						CreatedOnToolsVersion = 13.4.1;
					};
					C8BCC2E328FA3E83002B0807 = {
						CreatedOnToolsVersion = 13.4.1;
						TestTargetID = C8BCC2CD28FA3E81002B0807;
					};
					C8BCC2ED28FA3E83002B0807 = {
						CreatedOnToolsVersion = 13.4.1;
						TestTargetID = C8BCC2CD28FA3E81002B0807;
					};
				};
			};
			buildConfigurationList = C8BCC2C928FA3E81002B0807 /* Build configuration list for PBXProject "Instagram" */;
			compatibilityVersion = "Xcode 13.0";
			developmentRegion = en;
			hasScannedForEncodings = 0;
			knownRegions = (
				en,
				Base,
			);
			mainGroup = C8BCC2C528FA3E81002B0807;
			productRefGroup = C8BCC2CF28FA3E81002B0807 /* Products */;
			projectDirPath = "";
			projectRoot = "";
			targets = (
				C8BCC2CD28FA3E81002B0807 /* Instagram */,
				C8BCC2E328FA3E83002B0807 /* InstagramTests */,
				C8BCC2ED28FA3E83002B0807 /* InstagramUITests */,
			);
		};
/* End PBXProject section */

/* Begin PBXResourcesBuildPhase section */
		C8BCC2CC28FA3E81002B0807 /* Resources */ = {
			isa = PBXResourcesBuildPhase;
			buildActionMask = 2147483647;
			files = (
				C8BCC2DE28FA3E83002B0807 /* LaunchScreen.storyboard in Resources */,
				C8BCC2DB28FA3E83002B0807 /* Assets.xcassets in Resources */,
				C8BCC2D928FA3E81002B0807 /* Main.storyboard in Resources */,
			);
			runOnlyForDeploymentPostprocessing = 0;
		};
		C8BCC2E228FA3E83002B0807 /* Resources */ = {
			isa = PBXResourcesBuildPhase;
			buildActionMask = 2147483647;
			files = (
			);
			runOnlyForDeploymentPostprocessing = 0;
		};
		C8BCC2EC28FA3E83002B0807 /* Resources */ = {
			isa = PBXResourcesBuildPhase;
			buildActionMask = 2147483647;
			files = (
			);
			runOnlyForDeploymentPostprocessing = 0;
		};
/* End PBXResourcesBuildPhase section */

/* Begin PBXShellScriptBuildPhase section */
		0F9C702560B13B32E21C3CD6 /* [CP] Check Pods Manifest.lock */ = {
			isa = PBXShellScriptBuildPhase;
			buildActionMask = 2147483647;
			files = (
			);
			inputFileListPaths = (
			);
			inputPaths = (
				"${PODS_PODFILE_DIR_PATH}/Podfile.lock",
				"${PODS_ROOT}/Manifest.lock",
			);
			name = "[CP] Check Pods Manifest.lock";
			outputFileListPaths = (
			);
			outputPaths = (
				"$(DERIVED_FILE_DIR)/Pods-InstagramTests-checkManifestLockResult.txt",
			);
			runOnlyForDeploymentPostprocessing = 0;
			shellPath = /bin/sh;
			shellScript = "diff \"${PODS_PODFILE_DIR_PATH}/Podfile.lock\" \"${PODS_ROOT}/Manifest.lock\" > /dev/null\nif [ $? != 0 ] ; then\n    # print error to STDERR\n    echo \"error: The sandbox is not in sync with the Podfile.lock. Run 'pod install' or update your CocoaPods installation.\" >&2\n    exit 1\nfi\n# This output is used by Xcode 'outputs' to avoid re-running this script phase.\necho \"SUCCESS\" > \"${SCRIPT_OUTPUT_FILE_0}\"\n";
			showEnvVarsInLog = 0;
		};
		3E7508BD723A8A0FD1092FE2 /* [CP] Check Pods Manifest.lock */ = {
			isa = PBXShellScriptBuildPhase;
			buildActionMask = 2147483647;
			files = (
			);
			inputFileListPaths = (
			);
			inputPaths = (
				"${PODS_PODFILE_DIR_PATH}/Podfile.lock",
				"${PODS_ROOT}/Manifest.lock",
			);
			name = "[CP] Check Pods Manifest.lock";
			outputFileListPaths = (
			);
			outputPaths = (
				"$(DERIVED_FILE_DIR)/Pods-Instagram-checkManifestLockResult.txt",
			);
			runOnlyForDeploymentPostprocessing = 0;
			shellPath = /bin/sh;
			shellScript = "diff \"${PODS_PODFILE_DIR_PATH}/Podfile.lock\" \"${PODS_ROOT}/Manifest.lock\" > /dev/null\nif [ $? != 0 ] ; then\n    # print error to STDERR\n    echo \"error: The sandbox is not in sync with the Podfile.lock. Run 'pod install' or update your CocoaPods installation.\" >&2\n    exit 1\nfi\n# This output is used by Xcode 'outputs' to avoid re-running this script phase.\necho \"SUCCESS\" > \"${SCRIPT_OUTPUT_FILE_0}\"\n";
			showEnvVarsInLog = 0;
		};
		D52AE7AD3D837CF8EF17ADD9 /* [CP] Embed Pods Frameworks */ = {
			isa = PBXShellScriptBuildPhase;
			buildActionMask = 2147483647;
			files = (
			);
			inputFileListPaths = (
				"${PODS_ROOT}/Target Support Files/Pods-Instagram/Pods-Instagram-frameworks-${CONFIGURATION}-input-files.xcfilelist",
			);
			name = "[CP] Embed Pods Frameworks";
			outputFileListPaths = (
				"${PODS_ROOT}/Target Support Files/Pods-Instagram/Pods-Instagram-frameworks-${CONFIGURATION}-output-files.xcfilelist",
			);
			runOnlyForDeploymentPostprocessing = 0;
			shellPath = /bin/sh;
			shellScript = "\"${PODS_ROOT}/Target Support Files/Pods-Instagram/Pods-Instagram-frameworks.sh\"\n";
			showEnvVarsInLog = 0;
		};
		E167D23F1640801D4029A353 /* [CP] Check Pods Manifest.lock */ = {
			isa = PBXShellScriptBuildPhase;
			buildActionMask = 2147483647;
			files = (
			);
			inputFileListPaths = (
			);
			inputPaths = (
				"${PODS_PODFILE_DIR_PATH}/Podfile.lock",
				"${PODS_ROOT}/Manifest.lock",
			);
			name = "[CP] Check Pods Manifest.lock";
			outputFileListPaths = (
			);
			outputPaths = (
				"$(DERIVED_FILE_DIR)/Pods-Instagram-InstagramUITests-checkManifestLockResult.txt",
			);
			runOnlyForDeploymentPostprocessing = 0;
			shellPath = /bin/sh;
			shellScript = "diff \"${PODS_PODFILE_DIR_PATH}/Podfile.lock\" \"${PODS_ROOT}/Manifest.lock\" > /dev/null\nif [ $? != 0 ] ; then\n    # print error to STDERR\n    echo \"error: The sandbox is not in sync with the Podfile.lock. Run 'pod install' or update your CocoaPods installation.\" >&2\n    exit 1\nfi\n# This output is used by Xcode 'outputs' to avoid re-running this script phase.\necho \"SUCCESS\" > \"${SCRIPT_OUTPUT_FILE_0}\"\n";
			showEnvVarsInLog = 0;
		};
		FBD35A00D0A4E40328D1B976 /* [CP] Embed Pods Frameworks */ = {
			isa = PBXShellScriptBuildPhase;
			buildActionMask = 2147483647;
			files = (
			);
			inputFileListPaths = (
				"${PODS_ROOT}/Target Support Files/Pods-Instagram-InstagramUITests/Pods-Instagram-InstagramUITests-frameworks-${CONFIGURATION}-input-files.xcfilelist",
			);
			name = "[CP] Embed Pods Frameworks";
			outputFileListPaths = (
				"${PODS_ROOT}/Target Support Files/Pods-Instagram-InstagramUITests/Pods-Instagram-InstagramUITests-frameworks-${CONFIGURATION}-output-files.xcfilelist",
			);
			runOnlyForDeploymentPostprocessing = 0;
			shellPath = /bin/sh;
			shellScript = "\"${PODS_ROOT}/Target Support Files/Pods-Instagram-InstagramUITests/Pods-Instagram-InstagramUITests-frameworks.sh\"\n";
			showEnvVarsInLog = 0;
		};
/* End PBXShellScriptBuildPhase section */

/* Begin PBXSourcesBuildPhase section */
		C8BCC2CA28FA3E81002B0807 /* Sources */ = {
			isa = PBXSourcesBuildPhase;
			buildActionMask = 2147483647;
			files = (
				C8B2A95828FA477600DFAD01 /* LoginViewController.swift in Sources */,
				C8B2A95E28FA590B00DFAD01 /* CameraViewController.swift in Sources */,
				C8BCC2D228FA3E81002B0807 /* AppDelegate.swift in Sources */,
				C8B2A95A28FA478700DFAD01 /* FeedViewController.swift in Sources */,
				C8BCC2D428FA3E81002B0807 /* SceneDelegate.swift in Sources */,
				C8E37D1928FA732F00D9E444 /* PostCell.swift in Sources */,
			);
			runOnlyForDeploymentPostprocessing = 0;
		};
		C8BCC2E028FA3E83002B0807 /* Sources */ = {
			isa = PBXSourcesBuildPhase;
			buildActionMask = 2147483647;
			files = (
				C8BCC2E928FA3E83002B0807 /* InstagramTests.swift in Sources */,
			);
			runOnlyForDeploymentPostprocessing = 0;
		};
		C8BCC2EA28FA3E83002B0807 /* Sources */ = {
			isa = PBXSourcesBuildPhase;
			buildActionMask = 2147483647;
			files = (
				C8BCC2F328FA3E83002B0807 /* InstagramUITests.swift in Sources */,
				C8BCC2F528FA3E83002B0807 /* InstagramUITestsLaunchTests.swift in Sources */,
			);
			runOnlyForDeploymentPostprocessing = 0;
		};
/* End PBXSourcesBuildPhase section */

/* Begin PBXTargetDependency section */
		C8BCC2E628FA3E83002B0807 /* PBXTargetDependency */ = {
			isa = PBXTargetDependency;
			target = C8BCC2CD28FA3E81002B0807 /* Instagram */;
			targetProxy = C8BCC2E528FA3E83002B0807 /* PBXContainerItemProxy */;
		};
		C8BCC2F028FA3E83002B0807 /* PBXTargetDependency */ = {
			isa = PBXTargetDependency;
			target = C8BCC2CD28FA3E81002B0807 /* Instagram */;
			targetProxy = C8BCC2EF28FA3E83002B0807 /* PBXContainerItemProxy */;
		};
/* End PBXTargetDependency section */

/* Begin PBXVariantGroup section */
		C8BCC2D728FA3E81002B0807 /* Main.storyboard */ = {
			isa = PBXVariantGroup;
			children = (
				C8BCC2D828FA3E81002B0807 /* Base */,
			);
			name = Main.storyboard;
			sourceTree = "<group>";
		};
		C8BCC2DC28FA3E83002B0807 /* LaunchScreen.storyboard */ = {
			isa = PBXVariantGroup;
			children = (
				C8BCC2DD28FA3E83002B0807 /* Base */,
			);
			name = LaunchScreen.storyboard;
			sourceTree = "<group>";
		};
/* End PBXVariantGroup section */

/* Begin XCBuildConfiguration section */
		C8BCC2F628FA3E83002B0807 /* Debug */ = {
			isa = XCBuildConfiguration;
			buildSettings = {
				ALWAYS_SEARCH_USER_PATHS = NO;
				CLANG_ANALYZER_NONNULL = YES;
				CLANG_ANALYZER_NUMBER_OBJECT_CONVERSION = YES_AGGRESSIVE;
				CLANG_CXX_LANGUAGE_STANDARD = "gnu++17";
				CLANG_ENABLE_MODULES = YES;
				CLANG_ENABLE_OBJC_ARC = YES;
				CLANG_ENABLE_OBJC_WEAK = YES;
				CLANG_WARN_BLOCK_CAPTURE_AUTORELEASING = YES;
				CLANG_WARN_BOOL_CONVERSION = YES;
				CLANG_WARN_COMMA = YES;
				CLANG_WARN_CONSTANT_CONVERSION = YES;
				CLANG_WARN_DEPRECATED_OBJC_IMPLEMENTATIONS = YES;
				CLANG_WARN_DIRECT_OBJC_ISA_USAGE = YES_ERROR;
				CLANG_WARN_DOCUMENTATION_COMMENTS = YES;
				CLANG_WARN_EMPTY_BODY = YES;
				CLANG_WARN_ENUM_CONVERSION = YES;
				CLANG_WARN_INFINITE_RECURSION = YES;
				CLANG_WARN_INT_CONVERSION = YES;
				CLANG_WARN_NON_LITERAL_NULL_CONVERSION = YES;
				CLANG_WARN_OBJC_IMPLICIT_RETAIN_SELF = YES;
				CLANG_WARN_OBJC_LITERAL_CONVERSION = YES;
				CLANG_WARN_OBJC_ROOT_CLASS = YES_ERROR;
				CLANG_WARN_QUOTED_INCLUDE_IN_FRAMEWORK_HEADER = YES;
				CLANG_WARN_RANGE_LOOP_ANALYSIS = YES;
				CLANG_WARN_STRICT_PROTOTYPES = YES;
				CLANG_WARN_SUSPICIOUS_MOVE = YES;
				CLANG_WARN_UNGUARDED_AVAILABILITY = YES_AGGRESSIVE;
				CLANG_WARN_UNREACHABLE_CODE = YES;
				CLANG_WARN__DUPLICATE_METHOD_MATCH = YES;
				COPY_PHASE_STRIP = NO;
				DEBUG_INFORMATION_FORMAT = dwarf;
				ENABLE_STRICT_OBJC_MSGSEND = YES;
				ENABLE_TESTABILITY = YES;
				GCC_C_LANGUAGE_STANDARD = gnu11;
				GCC_DYNAMIC_NO_PIC = NO;
				GCC_NO_COMMON_BLOCKS = YES;
				GCC_OPTIMIZATION_LEVEL = 0;
				GCC_PREPROCESSOR_DEFINITIONS = (
					"DEBUG=1",
					"$(inherited)",
				);
				GCC_WARN_64_TO_32_BIT_CONVERSION = YES;
				GCC_WARN_ABOUT_RETURN_TYPE = YES_ERROR;
				GCC_WARN_UNDECLARED_SELECTOR = YES;
				GCC_WARN_UNINITIALIZED_AUTOS = YES_AGGRESSIVE;
				GCC_WARN_UNUSED_FUNCTION = YES;
				GCC_WARN_UNUSED_VARIABLE = YES;
				IPHONEOS_DEPLOYMENT_TARGET = 15.5;
				MTL_ENABLE_DEBUG_INFO = INCLUDE_SOURCE;
				MTL_FAST_MATH = YES;
				ONLY_ACTIVE_ARCH = YES;
				SDKROOT = iphoneos;
				SWIFT_ACTIVE_COMPILATION_CONDITIONS = DEBUG;
				SWIFT_OPTIMIZATION_LEVEL = "-Onone";
			};
			name = Debug;
		};
		C8BCC2F728FA3E83002B0807 /* Release */ = {
			isa = XCBuildConfiguration;
			buildSettings = {
				ALWAYS_SEARCH_USER_PATHS = NO;
				CLANG_ANALYZER_NONNULL = YES;
				CLANG_ANALYZER_NUMBER_OBJECT_CONVERSION = YES_AGGRESSIVE;
				CLANG_CXX_LANGUAGE_STANDARD = "gnu++17";
				CLANG_ENABLE_MODULES = YES;
				CLANG_ENABLE_OBJC_ARC = YES;
				CLANG_ENABLE_OBJC_WEAK = YES;
				CLANG_WARN_BLOCK_CAPTURE_AUTORELEASING = YES;
				CLANG_WARN_BOOL_CONVERSION = YES;
				CLANG_WARN_COMMA = YES;
				CLANG_WARN_CONSTANT_CONVERSION = YES;
				CLANG_WARN_DEPRECATED_OBJC_IMPLEMENTATIONS = YES;
				CLANG_WARN_DIRECT_OBJC_ISA_USAGE = YES_ERROR;
				CLANG_WARN_DOCUMENTATION_COMMENTS = YES;
				CLANG_WARN_EMPTY_BODY = YES;
				CLANG_WARN_ENUM_CONVERSION = YES;
				CLANG_WARN_INFINITE_RECURSION = YES;
				CLANG_WARN_INT_CONVERSION = YES;
				CLANG_WARN_NON_LITERAL_NULL_CONVERSION = YES;
				CLANG_WARN_OBJC_IMPLICIT_RETAIN_SELF = YES;
				CLANG_WARN_OBJC_LITERAL_CONVERSION = YES;
				CLANG_WARN_OBJC_ROOT_CLASS = YES_ERROR;
				CLANG_WARN_QUOTED_INCLUDE_IN_FRAMEWORK_HEADER = YES;
				CLANG_WARN_RANGE_LOOP_ANALYSIS = YES;
				CLANG_WARN_STRICT_PROTOTYPES = YES;
				CLANG_WARN_SUSPICIOUS_MOVE = YES;
				CLANG_WARN_UNGUARDED_AVAILABILITY = YES_AGGRESSIVE;
				CLANG_WARN_UNREACHABLE_CODE = YES;
				CLANG_WARN__DUPLICATE_METHOD_MATCH = YES;
				COPY_PHASE_STRIP = NO;
				DEBUG_INFORMATION_FORMAT = "dwarf-with-dsym";
				ENABLE_NS_ASSERTIONS = NO;
				ENABLE_STRICT_OBJC_MSGSEND = YES;
				GCC_C_LANGUAGE_STANDARD = gnu11;
				GCC_NO_COMMON_BLOCKS = YES;
				GCC_WARN_64_TO_32_BIT_CONVERSION = YES;
				GCC_WARN_ABOUT_RETURN_TYPE = YES_ERROR;
				GCC_WARN_UNDECLARED_SELECTOR = YES;
				GCC_WARN_UNINITIALIZED_AUTOS = YES_AGGRESSIVE;
				GCC_WARN_UNUSED_FUNCTION = YES;
				GCC_WARN_UNUSED_VARIABLE = YES;
				IPHONEOS_DEPLOYMENT_TARGET = 15.5;
				MTL_ENABLE_DEBUG_INFO = NO;
				MTL_FAST_MATH = YES;
				SDKROOT = iphoneos;
				SWIFT_COMPILATION_MODE = wholemodule;
				SWIFT_OPTIMIZATION_LEVEL = "-O";
				VALIDATE_PRODUCT = YES;
			};
			name = Release;
		};
		C8BCC2F928FA3E83002B0807 /* Debug */ = {
			isa = XCBuildConfiguration;
			baseConfigurationReference = A3423898B997E5B12D33325F /* Pods-Instagram.debug.xcconfig */;
			buildSettings = {
				ASSETCATALOG_COMPILER_APPICON_NAME = AppIcon;
				ASSETCATALOG_COMPILER_GLOBAL_ACCENT_COLOR_NAME = AccentColor;
				CODE_SIGN_STYLE = Automatic;
				CURRENT_PROJECT_VERSION = 1;
				DEVELOPMENT_TEAM = 977NC6WD2H;
				GENERATE_INFOPLIST_FILE = YES;
				INFOPLIST_FILE = Instagram/Info.plist;
				INFOPLIST_KEY_UIApplicationSupportsIndirectInputEvents = YES;
				INFOPLIST_KEY_UILaunchStoryboardName = LaunchScreen;
				INFOPLIST_KEY_UIMainStoryboardFile = Main;
				INFOPLIST_KEY_UISupportedInterfaceOrientations_iPad = "UIInterfaceOrientationPortrait UIInterfaceOrientationPortraitUpsideDown UIInterfaceOrientationLandscapeLeft UIInterfaceOrientationLandscapeRight";
				INFOPLIST_KEY_UISupportedInterfaceOrientations_iPhone = "UIInterfaceOrientationPortrait UIInterfaceOrientationLandscapeLeft UIInterfaceOrientationLandscapeRight";
				LD_RUNPATH_SEARCH_PATHS = (
					"$(inherited)",
					"@executable_path/Frameworks",
				);
				MARKETING_VERSION = 1.0;
				PRODUCT_BUNDLE_IDENTIFIER = me.Huang.Jo.Instagram;
				PRODUCT_NAME = "$(TARGET_NAME)";
				SWIFT_EMIT_LOC_STRINGS = YES;
				SWIFT_VERSION = 5.0;
				TARGETED_DEVICE_FAMILY = "1,2";
			};
			name = Debug;
		};
		C8BCC2FA28FA3E83002B0807 /* Release */ = {
			isa = XCBuildConfiguration;
			baseConfigurationReference = D6C65F8179E6BFE3FB5274B7 /* Pods-Instagram.release.xcconfig */;
			buildSettings = {
				ASSETCATALOG_COMPILER_APPICON_NAME = AppIcon;
				ASSETCATALOG_COMPILER_GLOBAL_ACCENT_COLOR_NAME = AccentColor;
				CODE_SIGN_STYLE = Automatic;
				CURRENT_PROJECT_VERSION = 1;
				DEVELOPMENT_TEAM = 977NC6WD2H;
				GENERATE_INFOPLIST_FILE = YES;
				INFOPLIST_FILE = Instagram/Info.plist;
				INFOPLIST_KEY_UIApplicationSupportsIndirectInputEvents = YES;
				INFOPLIST_KEY_UILaunchStoryboardName = LaunchScreen;
				INFOPLIST_KEY_UIMainStoryboardFile = Main;
				INFOPLIST_KEY_UISupportedInterfaceOrientations_iPad = "UIInterfaceOrientationPortrait UIInterfaceOrientationPortraitUpsideDown UIInterfaceOrientationLandscapeLeft UIInterfaceOrientationLandscapeRight";
				INFOPLIST_KEY_UISupportedInterfaceOrientations_iPhone = "UIInterfaceOrientationPortrait UIInterfaceOrientationLandscapeLeft UIInterfaceOrientationLandscapeRight";
				LD_RUNPATH_SEARCH_PATHS = (
					"$(inherited)",
					"@executable_path/Frameworks",
				);
				MARKETING_VERSION = 1.0;
				PRODUCT_BUNDLE_IDENTIFIER = me.Huang.Jo.Instagram;
				PRODUCT_NAME = "$(TARGET_NAME)";
				SWIFT_EMIT_LOC_STRINGS = YES;
				SWIFT_VERSION = 5.0;
				TARGETED_DEVICE_FAMILY = "1,2";
			};
			name = Release;
		};
		C8BCC2FC28FA3E83002B0807 /* Debug */ = {
			isa = XCBuildConfiguration;
			baseConfigurationReference = F8712BBF208C4FCADFD804E0 /* Pods-InstagramTests.debug.xcconfig */;
			buildSettings = {
				ALWAYS_EMBED_SWIFT_STANDARD_LIBRARIES = YES;
				BUNDLE_LOADER = "$(TEST_HOST)";
				CODE_SIGN_STYLE = Automatic;
				CURRENT_PROJECT_VERSION = 1;
				DEVELOPMENT_TEAM = 977NC6WD2H;
				GENERATE_INFOPLIST_FILE = YES;
				IPHONEOS_DEPLOYMENT_TARGET = 15.5;
				MARKETING_VERSION = 1.0;
				PRODUCT_BUNDLE_IDENTIFIER = me.Huang.Jo.InstagramTests;
				PRODUCT_NAME = "$(TARGET_NAME)";
				SWIFT_EMIT_LOC_STRINGS = NO;
				SWIFT_VERSION = 5.0;
				TARGETED_DEVICE_FAMILY = "1,2";
				TEST_HOST = "$(BUILT_PRODUCTS_DIR)/Instagram.app/Instagram";
			};
			name = Debug;
		};
		C8BCC2FD28FA3E83002B0807 /* Release */ = {
			isa = XCBuildConfiguration;
			baseConfigurationReference = 70078A54A66257688EE8D9F9 /* Pods-InstagramTests.release.xcconfig */;
			buildSettings = {
				ALWAYS_EMBED_SWIFT_STANDARD_LIBRARIES = YES;
				BUNDLE_LOADER = "$(TEST_HOST)";
				CODE_SIGN_STYLE = Automatic;
				CURRENT_PROJECT_VERSION = 1;
				DEVELOPMENT_TEAM = 977NC6WD2H;
				GENERATE_INFOPLIST_FILE = YES;
				IPHONEOS_DEPLOYMENT_TARGET = 15.5;
				MARKETING_VERSION = 1.0;
				PRODUCT_BUNDLE_IDENTIFIER = me.Huang.Jo.InstagramTests;
				PRODUCT_NAME = "$(TARGET_NAME)";
				SWIFT_EMIT_LOC_STRINGS = NO;
				SWIFT_VERSION = 5.0;
				TARGETED_DEVICE_FAMILY = "1,2";
				TEST_HOST = "$(BUILT_PRODUCTS_DIR)/Instagram.app/Instagram";
			};
			name = Release;
		};
		C8BCC2FF28FA3E83002B0807 /* Debug */ = {
			isa = XCBuildConfiguration;
			baseConfigurationReference = 81596B89EFF79369B823FC08 /* Pods-Instagram-InstagramUITests.debug.xcconfig */;
			buildSettings = {
				ALWAYS_EMBED_SWIFT_STANDARD_LIBRARIES = YES;
				CODE_SIGN_STYLE = Automatic;
				CURRENT_PROJECT_VERSION = 1;
				DEVELOPMENT_TEAM = 977NC6WD2H;
				GENERATE_INFOPLIST_FILE = YES;
				MARKETING_VERSION = 1.0;
				PRODUCT_BUNDLE_IDENTIFIER = me.Huang.Jo.InstagramUITests;
				PRODUCT_NAME = "$(TARGET_NAME)";
				SWIFT_EMIT_LOC_STRINGS = NO;
				SWIFT_VERSION = 5.0;
				TARGETED_DEVICE_FAMILY = "1,2";
				TEST_TARGET_NAME = Instagram;
			};
			name = Debug;
		};
		C8BCC30028FA3E83002B0807 /* Release */ = {
			isa = XCBuildConfiguration;
			baseConfigurationReference = ADAD7280A0F7F776E0E7222A /* Pods-Instagram-InstagramUITests.release.xcconfig */;
			buildSettings = {
				ALWAYS_EMBED_SWIFT_STANDARD_LIBRARIES = YES;
				CODE_SIGN_STYLE = Automatic;
				CURRENT_PROJECT_VERSION = 1;
				DEVELOPMENT_TEAM = 977NC6WD2H;
				GENERATE_INFOPLIST_FILE = YES;
				MARKETING_VERSION = 1.0;
				PRODUCT_BUNDLE_IDENTIFIER = me.Huang.Jo.InstagramUITests;
				PRODUCT_NAME = "$(TARGET_NAME)";
				SWIFT_EMIT_LOC_STRINGS = NO;
				SWIFT_VERSION = 5.0;
				TARGETED_DEVICE_FAMILY = "1,2";
				TEST_TARGET_NAME = Instagram;
			};
			name = Release;
		};
/* End XCBuildConfiguration section */

/* Begin XCConfigurationList section */
		C8BCC2C928FA3E81002B0807 /* Build configuration list for PBXProject "Instagram" */ = {
			isa = XCConfigurationList;
			buildConfigurations = (
				C8BCC2F628FA3E83002B0807 /* Debug */,
				C8BCC2F728FA3E83002B0807 /* Release */,
			);
			defaultConfigurationIsVisible = 0;
			defaultConfigurationName = Release;
		};
		C8BCC2F828FA3E83002B0807 /* Build configuration list for PBXNativeTarget "Instagram" */ = {
			isa = XCConfigurationList;
			buildConfigurations = (
				C8BCC2F928FA3E83002B0807 /* Debug */,
				C8BCC2FA28FA3E83002B0807 /* Release */,
			);
			defaultConfigurationIsVisible = 0;
			defaultConfigurationName = Release;
		};
		C8BCC2FB28FA3E83002B0807 /* Build configuration list for PBXNativeTarget "InstagramTests" */ = {
			isa = XCConfigurationList;
			buildConfigurations = (
				C8BCC2FC28FA3E83002B0807 /* Debug */,
				C8BCC2FD28FA3E83002B0807 /* Release */,
			);
			defaultConfigurationIsVisible = 0;
			defaultConfigurationName = Release;
		};
		C8BCC2FE28FA3E83002B0807 /* Build configuration list for PBXNativeTarget "InstagramUITests" */ = {
			isa = XCConfigurationList;
			buildConfigurations = (
				C8BCC2FF28FA3E83002B0807 /* Debug */,
				C8BCC30028FA3E83002B0807 /* Release */,
			);
			defaultConfigurationIsVisible = 0;
			defaultConfigurationName = Release;
		};
/* End XCConfigurationList section */
	};
	rootObject = C8BCC2C628FA3E81002B0807 /* Project object */;
}
